dependencies:
- name: cert-manager
  repository: https://charts.jetstack.io
  version: v1.16.2
- name: external-dns
  repository: https://kubernetes-sigs.github.io/external-dns/
  version: 1.15.0
- name: ingress-nginx
  repository: https://kubernetes.github.io/ingress-nginx
  version: 4.11.3
- name: metallb
  repository: https://metallb.github.io/metallb
  version: 0.14.9
- name: longhorn
  repository: https://charts.longhorn.io
  version: 1.7.2
- name: rook-ceph
  repository: https://charts.rook.io/release
  version: v1.15.5
- name: cloudnative-pg
  repository: https://cloudnative-pg.github.io/charts
  version: 0.22.0
- name: strimzi-kafka-operator
  repository: https://strimzi.io/charts/
  version: 0.43.0
- name: redis-operator
  repository: https://ot-container-kit.github.io/helm-charts/
  version: 0.20.0
- name: vault
  repository: https://helm.releases.hashicorp.com
  version: 0.28.1
digest: sha256:143af149e8ae3183099bfe118a90ac0bdec066a9140ea148a5f41a700d2ee14b
generated: "2026-05-09T19:41:27.237297-06:00"
