dependencies:
- name: cert-manager
  repository: https://charts.jetstack.io
  version: v1.16.2
- name: external-dns
  repository: https://kubernetes-sigs.github.io/external-dns/
  version: 1.15.0
- name: ingress-nginx
  repository: https://kubernetes.github.io/ingress-nginx
  version: 4.11.3
- name: metallb
  repository: https://metallb.github.io/metallb
  version: 0.14.9
- name: longhorn
  repository: https://charts.longhorn.io
  version: 1.7.2
- name: rook-ceph
  repository: https://charts.rook.io/release
  version: v1.15.5
- name: cloudnative-pg
  repository: https://cloudnative-pg.github.io/charts
  version: 0.22.0
- name: strimzi-kafka-operator
  repository: https://strimzi.io/charts/
  version: 0.43.0
- name: redis-operator
  repository: https://ot-container-kit.github.io/helm-charts/
  version: 0.20.0
- name: vault
  repository: https://helm.releases.hashicorp.com
  version: 0.28.1
- name: velero
  repository: https://vmware-tanzu.github.io/helm-charts
  version: 8.0.0
- name: opentelemetry-collector
  repository: https://open-telemetry.github.io/opentelemetry-helm-charts
  version: 0.108.0
- name: kube-prometheus-stack
  repository: https://prometheus-community.github.io/helm-charts
  version: 65.5.0
- name: loki
  repository: https://grafana.github.io/helm-charts
  version: 6.18.0
- name: tempo
  repository: https://grafana.github.io/helm-charts
  version: 1.10.1
digest: sha256:20096ce8a8bd6f1c15b0af728d893d2da6c04eff553f45a5ebe8c6db6503463c
generated: "2026-05-09T19:43:54.205667-06:00"
