dependencies:
- name: cert-manager
  repository: https://charts.jetstack.io
  version: v1.16.2
- name: external-dns
  repository: https://kubernetes-sigs.github.io/external-dns/
  version: 1.15.0
- name: ingress-nginx
  repository: https://kubernetes.github.io/ingress-nginx
  version: 4.11.3
- name: metallb
  repository: https://metallb.github.io/metallb
  version: 0.14.9
- name: longhorn
  repository: https://charts.longhorn.io
  version: 1.7.2
- name: rook-ceph
  repository: https://charts.rook.io/release
  version: v1.15.5
digest: sha256:e65b7dfe9f01441cd3c417cf315fcb95b5f2c44cd8785e2a677f87594efd4d8c
generated: "2026-05-09T19:39:19.839826-06:00"
